
Microsoft Visual Studio Solution File, Format Version 12.00
# Visual Studio Version 17
VisualStudioVersion = 17.0.31903.59
MinimumVisualStudioVersion = 10.0.40219.1
Project("{2150E333-8FDC-42A3-9474-1A3956D46DE8}") = "src", "src", "{827E0CD3-B72D-47B6-A68D-7590B98EB39B}"
EndProject
Project("{FAE04EC0-301F-11D3-BF4B-00C04F79EFBC}") = "DtfDeterminismAnalyzer", "src\DtfDeterminismAnalyzer\DtfDeterminismAnalyzer.csproj", "{322E3ABA-069C-4343-8A6F-BB29CC7F64B2}"
EndProject
Project("{FAE04EC0-301F-11D3-BF4B-00C04F79EFBC}") = "DtfDeterminismAnalyzer.CodeFixes", "src\DtfDeterminismAnalyzer.CodeFixes\DtfDeterminismAnalyzer.CodeFixes.csproj", "{B45AF976-42BF-4474-A9F8-D9E2ED6E3A5C}"
EndProject
Project("{FAE04EC0-301F-11D3-BF4B-00C04F79EFBC}") = "DtfDeterminismAnalyzer.Tests", "tests\DtfDeterminismAnalyzer.Tests\DtfDeterminismAnalyzer.Tests.csproj", "{15F6A863-8DA1-4F95-96EF-664A80FBAA0F}"
EndProject
Global
	GlobalSection(SolutionConfigurationPlatforms) = preSolution
		Debug|Any CPU = Debug|Any CPU
		Debug|x64 = Debug|x64
		Debug|x86 = Debug|x86
		Release|Any CPU = Release|Any CPU
		Release|x64 = Release|x64
		Release|x86 = Release|x86
	EndGlobalSection
	GlobalSection(ProjectConfigurationPlatforms) = postSolution
		{322E3ABA-069C-4343-8A6F-BB29CC7F64B2}.Debug|Any CPU.ActiveCfg = Debug|Any CPU
		{322E3ABA-069C-4343-8A6F-BB29CC7F64B2}.Debug|Any CPU.Build.0 = Debug|Any CPU
		{322E3ABA-069C-4343-8A6F-BB29CC7F64B2}.Debug|x64.ActiveCfg = Debug|Any CPU
		{322E3ABA-069C-4343-8A6F-BB29CC7F64B2}.Debug|x64.Build.0 = Debug|Any CPU
		{322E3ABA-069C-4343-8A6F-BB29CC7F64B2}.Debug|x86.ActiveCfg = Debug|Any CPU
		{322E3ABA-069C-4343-8A6F-BB29CC7F64B2}.Debug|x86.Build.0 = Debug|Any CPU
		{322E3ABA-069C-4343-8A6F-BB29CC7F64B2}.Release|Any CPU.ActiveCfg = Release|Any CPU
		{322E3ABA-069C-4343-8A6F-BB29CC7F64B2}.Release|Any CPU.Build.0 = Release|Any CPU
		{322E3ABA-069C-4343-8A6F-BB29CC7F64B2}.Release|x64.ActiveCfg = Release|Any CPU
		{322E3ABA-069C-4343-8A6F-BB29CC7F64B2}.Release|x64.Build.0 = Release|Any CPU
		{322E3ABA-069C-4343-8A6F-BB29CC7F64B2}.Release|x86.ActiveCfg = Release|Any CPU
		{322E3ABA-069C-4343-8A6F-BB29CC7F64B2}.Release|x86.Build.0 = Release|Any CPU
		{B45AF976-42BF-4474-A9F8-D9E2ED6E3A5C}.Debug|Any CPU.ActiveCfg = Debug|Any CPU
		{B45AF976-42BF-4474-A9F8-D9E2ED6E3A5C}.Debug|Any CPU.Build.0 = Debug|Any CPU
		{B45AF976-42BF-4474-A9F8-D9E2ED6E3A5C}.Debug|x64.ActiveCfg = Debug|Any CPU
		{B45AF976-42BF-4474-A9F8-D9E2ED6E3A5C}.Debug|x64.Build.0 = Debug|Any CPU
		{B45AF976-42BF-4474-A9F8-D9E2ED6E3A5C}.Debug|x86.ActiveCfg = Debug|Any CPU
		{B45AF976-42BF-4474-A9F8-D9E2ED6E3A5C}.Debug|x86.Build.0 = Debug|Any CPU
		{B45AF976-42BF-4474-A9F8-D9E2ED6E3A5C}.Release|Any CPU.ActiveCfg = Release|Any CPU
		{B45AF976-42BF-4474-A9F8-D9E2ED6E3A5C}.Release|Any CPU.Build.0 = Release|Any CPU
		{B45AF976-42BF-4474-A9F8-D9E2ED6E3A5C}.Release|x64.ActiveCfg = Release|Any CPU
		{B45AF976-42BF-4474-A9F8-D9E2ED6E3A5C}.Release|x64.Build.0 = Release|Any CPU
		{B45AF976-42BF-4474-A9F8-D9E2ED6E3A5C}.Release|x86.ActiveCfg = Release|Any CPU
		{B45AF976-42BF-4474-A9F8-D9E2ED6E3A5C}.Release|x86.Build.0 = Release|Any CPU
		{15F6A863-8DA1-4F95-96EF-664A80FBAA0F}.Debug|Any CPU.ActiveCfg = Debug|Any CPU
		{15F6A863-8DA1-4F95-96EF-664A80FBAA0F}.Debug|Any CPU.Build.0 = Debug|Any CPU
		{15F6A863-8DA1-4F95-96EF-664A80FBAA0F}.Debug|x64.ActiveCfg = Debug|Any CPU
		{15F6A863-8DA1-4F95-96EF-664A80FBAA0F}.Debug|x64.Build.0 = Debug|Any CPU
		{15F6A863-8DA1-4F95-96EF-664A80FBAA0F}.Debug|x86.ActiveCfg = Debug|Any CPU
		{15F6A863-8DA1-4F95-96EF-664A80FBAA0F}.Debug|x86.Build.0 = Debug|Any CPU
		{15F6A863-8DA1-4F95-96EF-664A80FBAA0F}.Release|Any CPU.ActiveCfg = Release|Any CPU
		{15F6A863-8DA1-4F95-96EF-664A80FBAA0F}.Release|Any CPU.Build.0 = Release|Any CPU
		{15F6A863-8DA1-4F95-96EF-664A80FBAA0F}.Release|x64.ActiveCfg = Release|Any CPU
		{15F6A863-8DA1-4F95-96EF-664A80FBAA0F}.Release|x64.Build.0 = Release|Any CPU
		{15F6A863-8DA1-4F95-96EF-664A80FBAA0F}.Release|x86.ActiveCfg = Release|Any CPU
		{15F6A863-8DA1-4F95-96EF-664A80FBAA0F}.Release|x86.Build.0 = Release|Any CPU
	EndGlobalSection
	GlobalSection(SolutionProperties) = preSolution
		HideSolutionNode = FALSE
	EndGlobalSection
	GlobalSection(NestedProjects) = preSolution
		{322E3ABA-069C-4343-8A6F-BB29CC7F64B2} = {827E0CD3-B72D-47B6-A68D-7590B98EB39B}
		{B45AF976-42BF-4474-A9F8-D9E2ED6E3A5C} = {827E0CD3-B72D-47B6-A68D-7590B98EB39B}
		{15F6A863-8DA1-4F95-96EF-664A80FBAA0F} = {827E0CD3-B72D-47B6-A68D-7590B98EB39B}
	EndGlobalSection
EndGlobal
